# This file is automatically @generated by Wally.
# It is not intended for manual editing.
registry = "test"

[[package]]
name = "aspecky/topbarplus"
version = "2.9.3"
dependencies = []

[[package]]
name = "evaera/cmdr"
version = "1.12.0"
dependencies = []

[[package]]
name = "evaera/promise"
version = "4.0.0"
dependencies = []

[[package]]
name = "howmanysmall/janitor"
version = "1.16.0"
dependencies = [["Promise", "evaera/promise@4.0.0"]]

[[package]]
name = "jakeywastaken/smartbone-2"
version = "0.3.1"
dependencies = []

[[package]]
name = "joao/gameplace"
version = "0.1.0"
dependencies = [["Knit", "sleitnick/knit@1.7.0"], ["cmdr", "evaera/cmdr@1.12.0"], ["janitor", "howmanysmall/janitor@1.16.0"], ["profileservice", "nidoxs/profileservice@1.0.0"], ["smartbone-2", "jakeywastaken/smartbone-2@0.3.1"], ["topbarplus", "aspecky/topbarplus@2.9.3"]]

[[package]]
name = "nidoxs/profileservice"
version = "1.0.0"
dependencies = []

[[package]]
name = "sleitnick/comm"
version = "1.0.1"
dependencies = [["Option", "sleitnick/option@1.0.5"], ["Promise", "evaera/promise@4.0.0"], ["Signal", "sleitnick/signal@2.0.1"]]

[[package]]
name = "sleitnick/knit"
version = "1.7.0"
dependencies = [["Comm", "sleitnick/comm@1.0.1"], ["Promise", "evaera/promise@4.0.0"]]

[[package]]
name = "sleitnick/option"
version = "1.0.5"
dependencies = []

[[package]]
name = "sleitnick/signal"
version = "2.0.1"
dependencies = []
